{
    "_readme": [
        "This file locks the dependencies of your project to a known state",
        "Read more about it at https://getcomposer.org/doc/01-basic-usage.md#installing-dependencies",
        "This file is @generated automatically"
    ],
    "content-hash": "fbdd3f3f75cb5b772685bc811a20bd6e",
    "packages": [],
    "packages-dev": [
        {
            "name": "php-stubs/wordpress-stubs",
            "version": "v6.4.3",
            "source": {
                "type": "git",
                "url": "https://github.com/php-stubs/wordpress-stubs.git",
                "reference": "6105bdab2f26c0204fe90ecc53d5684754550e8f"
            },
            "dist": {
                "type": "zip",
                "url": "https://api.github.com/repos/php-stubs/wordpress-stubs/zipball/6105bdab2f26c0204fe90ecc53d5684754550e8f",
                "reference": "6105bdab2f26c0204fe90ecc53d5684754550e8f",
                "shasum": ""
            },
            "require-dev": {
                "dealerdirect/phpcodesniffer-composer-installer": "^1.0",
                "nikic/php-parser": "^4.13",
                "php": "^7.4 || ~8.0.0",
                "php-stubs/generator": "^0.8.3",
                "phpdocumentor/reflection-docblock": "^5.3",
                "phpstan/phpstan": "^1.10.49",
                "phpunit/phpunit": "^9.5",
                "szepeviktor/phpcs-psr-12-neutron-hybrid-ruleset": "^0.11"
            },
            "suggest": {
                "paragonie/sodium_compat": "Pure PHP implementation of libsodium",
                "symfony/polyfill-php80": "Symfony polyfill backporting some PHP 8.0+ features to lower PHP versions",
                "szepeviktor/phpstan-wordpress": "WordPress extensions for PHPStan"
            },
            "type": "library",
            "notification-url": "https://packagist.org/downloads/",
            "license": [
                "MIT"
            ],
            "description": "WordPress function and class declaration stubs for static analysis.",
            "homepage": "https://github.com/php-stubs/wordpress-stubs",
            "keywords": [
                "PHPStan",
                "static analysis",
                "wordpress"
            ],
            "support": {
                "issues": "https://github.com/php-stubs/wordpress-stubs/issues",
                "source": "https://github.com/php-stubs/wordpress-stubs/tree/v6.4.3"
            },
            "time": "2024-02-11T18:56:19+00:00"
        },
        {
            "name": "php-stubs/wordpress-tests-stubs",
            "version": "v6.5.0",
            "source": {
                "type": "git",
                "url": "https://github.com/php-stubs/wordpress-tests-stubs.git",
                "reference": "7d6649a7e91d92aea7a191d2c1f621605d310f4e"
            },
            "dist": {
                "type": "zip",
                "url": "https://api.github.com/repos/php-stubs/wordpress-tests-stubs/zipball/7d6649a7e91d92aea7a191d2c1f621605d310f4e",
                "reference": "7d6649a7e91d92aea7a191d2c1f621605d310f4e",
                "shasum": ""
            },
            "require-dev": {
                "php": "~7.3 || ~8.0",
                "php-stubs/generator": "^0.8.0"
            },
            "suggest": {
                "symfony/polyfill-php73": "Symfony polyfill backporting some PHP 7.3+ features to lower PHP versions",
                "szepeviktor/phpstan-wordpress": "WordPress extensions for PHPStan"
            },
            "type": "library",
            "notification-url": "https://packagist.org/downloads/",
            "license": [
                "MIT"
            ],
            "description": "WordPress Tests function and class declaration stubs for static analysis.",
            "homepage": "https://github.com/php-stubs/wordpress-tests-stubs",
            "keywords": [
                "PHPStan",
                "static analysis",
                "wordpress"
            ],
            "support": {
                "issues": "https://github.com/php-stubs/wordpress-tests-stubs/issues",
                "source": "https://github.com/php-stubs/wordpress-tests-stubs/tree/v6.5.0"
            },
            "time": "2024-04-02T18:38:25+00:00"
        },
        {
            "name": "phpstan/extension-installer",
            "version": "1.3.1",
            "source": {
                "type": "git",
                "url": "https://github.com/phpstan/extension-installer.git",
                "reference": "f45734bfb9984c6c56c4486b71230355f066a58a"
            },
            "dist": {
                "type": "zip",
                "url": "https://api.github.com/repos/phpstan/extension-installer/zipball/f45734bfb9984c6c56c4486b71230355f066a58a",
                "reference": "f45734bfb9984c6c56c4486b71230355f066a58a",
                "shasum": ""
            },
            "require": {
                "composer-plugin-api": "^2.0",
                "php": "^7.2 || ^8.0",
                "phpstan/phpstan": "^1.9.0"
            },
            "require-dev": {
                "composer/composer": "^2.0",
                "php-parallel-lint/php-parallel-lint": "^1.2.0",
                "phpstan/phpstan-strict-rules": "^0.11 || ^0.12 || ^1.0"
            },
            "type": "composer-plugin",
            "extra": {
                "class": "PHPStan\\ExtensionInstaller\\Plugin"
            },
            "autoload": {
                "psr-4": {
                    "PHPStan\\ExtensionInstaller\\": "src/"
                }
            },
            "notification-url": "https://packagist.org/downloads/",
            "license": [
                "MIT"
            ],
            "description": "Composer plugin for automatic installation of PHPStan extensions",
            "support": {
                "issues": "https://github.com/phpstan/extension-installer/issues",
                "source": "https://github.com/phpstan/extension-installer/tree/1.3.1"
            },
            "time": "2023-05-24T08:59:17+00:00"
        },
        {
            "name": "phpstan/phpstan",
            "version": "1.10.66",
            "source": {
                "type": "git",
                "url": "https://github.com/phpstan/phpstan.git",
                "reference": "94779c987e4ebd620025d9e5fdd23323903950bd"
            },
            "dist": {
                "type": "zip",
                "url": "https://api.github.com/repos/phpstan/phpstan/zipball/94779c987e4ebd620025d9e5fdd23323903950bd",
                "reference": "94779c987e4ebd620025d9e5fdd23323903950bd",
                "shasum": ""
            },
            "require": {
                "php": "^7.2|^8.0"
            },
            "conflict": {
                "phpstan/phpstan-shim": "*"
            },
            "bin": [
                "phpstan",
                "phpstan.phar"
            ],
            "type": "library",
            "autoload": {
                "files": [
                    "bootstrap.php"
                ]
            },
            "notification-url": "https://packagist.org/downloads/",
            "license": [
                "MIT"
            ],
            "description": "PHPStan - PHP Static Analysis Tool",
            "keywords": [
                "dev",
                "static analysis"
            ],
            "support": {
                "docs": "https://phpstan.org/user-guide/getting-started",
                "forum": "https://github.com/phpstan/phpstan/discussions",
                "issues": "https://github.com/phpstan/phpstan/issues",
                "security": "https://github.com/phpstan/phpstan/security/policy",
                "source": "https://github.com/phpstan/phpstan-src"
            },
            "funding": [
                {
                    "url": "https://github.com/ondrejmirtes",
                    "type": "github"
                },
                {
                    "url": "https://github.com/phpstan",
                    "type": "github"
                },
                {
                    "url": "https://tidelift.com/funding/github/packagist/phpstan/phpstan",
                    "type": "tidelift"
                }
            ],
            "time": "2024-03-28T16:17:31+00:00"
        },
        {
            "name": "phpstan/phpstan-deprecation-rules",
            "version": "1.1.4",
            "source": {
                "type": "git",
                "url": "https://github.com/phpstan/phpstan-deprecation-rules.git",
                "reference": "089d8a8258ed0aeefdc7b68b6c3d25572ebfdbaa"
            },
            "dist": {
                "type": "zip",
                "url": "https://api.github.com/repos/phpstan/phpstan-deprecation-rules/zipball/089d8a8258ed0aeefdc7b68b6c3d25572ebfdbaa",
                "reference": "089d8a8258ed0aeefdc7b68b6c3d25572ebfdbaa",
                "shasum": ""
            },
            "require": {
                "php": "^7.2 || ^8.0",
                "phpstan/phpstan": "^1.10.3"
            },
            "require-dev": {
                "php-parallel-lint/php-parallel-lint": "^1.2",
                "phpstan/phpstan-php-parser": "^1.1",
                "phpstan/phpstan-phpunit": "^1.0",
                "phpunit/phpunit": "^9.5"
            },
            "type": "phpstan-extension",
            "extra": {
                "phpstan": {
                    "includes": [
                        "rules.neon"
                    ]
                }
            },
            "autoload": {
                "psr-4": {
                    "PHPStan\\": "src/"
                }
            },
            "notification-url": "https://packagist.org/downloads/",
            "license": [
                "MIT"
            ],
            "description": "PHPStan rules for detecting usage of deprecated classes, methods, properties, constants and traits.",
            "support": {
                "issues": "https://github.com/phpstan/phpstan-deprecation-rules/issues",
                "source": "https://github.com/phpstan/phpstan-deprecation-rules/tree/1.1.4"
            },
            "time": "2023-08-05T09:02:04+00:00"
        },
        {
            "name": "phpstan/phpstan-phpunit",
            "version": "1.3.16",
            "source": {
                "type": "git",
                "url": "https://github.com/phpstan/phpstan-phpunit.git",
                "reference": "d5242a59d035e46774f2e634b374bc39ff62cb95"
            },
            "dist": {
                "type": "zip",
                "url": "https://api.github.com/repos/phpstan/phpstan-phpunit/zipball/d5242a59d035e46774f2e634b374bc39ff62cb95",
                "reference": "d5242a59d035e46774f2e634b374bc39ff62cb95",
                "shasum": ""
            },
            "require": {
                "php": "^7.2 || ^8.0",
                "phpstan/phpstan": "^1.10"
            },
            "conflict": {
                "phpunit/phpunit": "<7.0"
            },
            "require-dev": {
                "nikic/php-parser": "^4.13.0",
                "php-parallel-lint/php-parallel-lint": "^1.2",
                "phpstan/phpstan-strict-rules": "^1.5.1",
                "phpunit/phpunit": "^9.5"
            },
            "type": "phpstan-extension",
            "extra": {
                "phpstan": {
                    "includes": [
                        "extension.neon",
                        "rules.neon"
                    ]
                }
            },
            "autoload": {
                "psr-4": {
                    "PHPStan\\": "src/"
                }
            },
            "notification-url": "https://packagist.org/downloads/",
            "license": [
                "MIT"
            ],
            "description": "PHPUnit extensions and rules for PHPStan",
            "support": {
                "issues": "https://github.com/phpstan/phpstan-phpunit/issues",
                "source": "https://github.com/phpstan/phpstan-phpunit/tree/1.3.16"
            },
            "time": "2024-02-23T09:51:20+00:00"
        },
        {
            "name": "swissspidy/phpstan-no-private",
            "version": "v0.2.0",
            "source": {
                "type": "git",
                "url": "https://github.com/swissspidy/phpstan-no-private.git",
                "reference": "cc945c5154f2e7786da17ee0cfe6e772133c98aa"
            },
            "dist": {
                "type": "zip",
                "url": "https://api.github.com/repos/swissspidy/phpstan-no-private/zipball/cc945c5154f2e7786da17ee0cfe6e772133c98aa",
                "reference": "cc945c5154f2e7786da17ee0cfe6e772133c98aa",
                "shasum": ""
            },
            "require": {
                "php": "^7.2 || ^8.0",
                "phpstan/phpstan": "^1.10.3"
            },
            "require-dev": {
                "dealerdirect/phpcodesniffer-composer-installer": "^1.0.0",
                "php-parallel-lint/php-parallel-lint": "^1.2",
                "phpstan/phpstan-php-parser": "^1.1",
                "phpstan/phpstan-phpunit": "^1.0",
                "phpunit/phpunit": "^9.5",
                "slevomat/coding-standard": "^8.8.0",
                "squizlabs/php_codesniffer": "^3.5.3"
            },
            "type": "phpstan-extension",
            "extra": {
                "phpstan": {
                    "includes": [
                        "rules.neon"
                    ]
                }
            },
            "autoload": {
                "psr-4": {
                    "Swissspidy\\PHPStan\\": "src/"
                }
            },
            "notification-url": "https://packagist.org/downloads/",
            "license": [
                "MIT"
            ],
            "description": "PHPStan rules for detecting usage of pseudo-private functions, classes, and methods.",
            "support": {
                "issues": "https://github.com/swissspidy/phpstan-no-private/issues",
                "source": "https://github.com/swissspidy/phpstan-no-private/tree/v0.2.0"
            },
            "time": "2023-05-22T09:48:41+00:00"
        },
        {
            "name": "symfony/polyfill-php73",
            "version": "v1.29.0",
            "source": {
                "type": "git",
                "url": "https://github.com/symfony/polyfill-php73.git",
                "reference": "21bd091060673a1177ae842c0ef8fe30893114d2"
            },
            "dist": {
                "type": "zip",
                "url": "https://api.github.com/repos/symfony/polyfill-php73/zipball/21bd091060673a1177ae842c0ef8fe30893114d2",
                "reference": "21bd091060673a1177ae842c0ef8fe30893114d2",
                "shasum": ""
            },
            "require": {
                "php": ">=7.1"
            },
            "type": "library",
            "extra": {
                "thanks": {
                    "name": "symfony/polyfill",
                    "url": "https://github.com/symfony/polyfill"
                }
            },
            "autoload": {
                "files": [
                    "bootstrap.php"
                ],
                "psr-4": {
                    "Symfony\\Polyfill\\Php73\\": ""
                },
                "classmap": [
                    "Resources/stubs"
                ]
            },
            "notification-url": "https://packagist.org/downloads/",
            "license": [
                "MIT"
            ],
            "authors": [
                {
                    "name": "Nicolas Grekas",
                    "email": "p@tchwork.com"
                },
                {
                    "name": "Symfony Community",
                    "homepage": "https://symfony.com/contributors"
                }
            ],
            "description": "Symfony polyfill backporting some PHP 7.3+ features to lower PHP versions",
            "homepage": "https://symfony.com",
            "keywords": [
                "compatibility",
                "polyfill",
                "portable",
                "shim"
            ],
            "support": {
                "source": "https://github.com/symfony/polyfill-php73/tree/v1.29.0"
            },
            "funding": [
                {
                    "url": "https://symfony.com/sponsor",
                    "type": "custom"
                },
                {
                    "url": "https://github.com/fabpot",
                    "type": "github"
                },
                {
                    "url": "https://tidelift.com/funding/github/packagist/symfony/symfony",
                    "type": "tidelift"
                }
            ],
            "time": "2024-01-29T20:11:03+00:00"
        },
        {
            "name": "szepeviktor/phpstan-wordpress",
            "version": "v1.3.4",
            "source": {
                "type": "git",
                "url": "https://github.com/szepeviktor/phpstan-wordpress.git",
                "reference": "891d0767855a32c886a439efae090408cc1fa156"
            },
            "dist": {
                "type": "zip",
                "url": "https://api.github.com/repos/szepeviktor/phpstan-wordpress/zipball/891d0767855a32c886a439efae090408cc1fa156",
                "reference": "891d0767855a32c886a439efae090408cc1fa156",
                "shasum": ""
            },
            "require": {
                "php": "^7.2 || ^8.0",
                "php-stubs/wordpress-stubs": "^4.7 || ^5.0 || ^6.0",
                "phpstan/phpstan": "^1.10.31",
                "symfony/polyfill-php73": "^1.12.0"
            },
            "require-dev": {
                "composer/composer": "^2.1.14",
                "dealerdirect/phpcodesniffer-composer-installer": "^1.0",
                "php-parallel-lint/php-parallel-lint": "^1.1",
                "phpstan/phpstan-strict-rules": "^1.2",
                "phpunit/phpunit": "^8.0 || ^9.0",
                "szepeviktor/phpcs-psr-12-neutron-hybrid-ruleset": "^0.8"
            },
            "suggest": {
                "swissspidy/phpstan-no-private": "Detect usage of internal core functions, classes and methods"
            },
            "type": "phpstan-extension",
            "extra": {
                "phpstan": {
                    "includes": [
                        "extension.neon"
                    ]
                }
            },
            "autoload": {
                "psr-4": {
                    "SzepeViktor\\PHPStan\\WordPress\\": "src/"
                }
            },
            "notification-url": "https://packagist.org/downloads/",
            "license": [
                "MIT"
            ],
            "description": "WordPress extensions for PHPStan",
            "keywords": [
                "PHPStan",
                "code analyse",
                "code analysis",
                "static analysis",
                "wordpress"
            ],
            "support": {
                "issues": "https://github.com/szepeviktor/phpstan-wordpress/issues",
                "source": "https://github.com/szepeviktor/phpstan-wordpress/tree/v1.3.4"
            },
            "time": "2024-03-21T16:32:59+00:00"
        }
    ],
    "aliases": [],
    "minimum-stability": "stable",
    "stability-flags": [],
    "prefer-stable": false,
    "prefer-lowest": false,
    "platform": [],
    "platform-dev": [],
    "plugin-api-version": "2.6.0"
}
